// !$*UTF8*$!
{
	archiveVersion = 1;
	classes = {
	};
	objectVersion = 50;
	objects = {

/* Begin PBXBuildFile section */
		FC6B0EE82475329C00ED6ED5 /* AppDelegate.swift in Sources */ = {isa = PBXBuildFile; fileRef = FC6B0EE72475329C00ED6ED5 /* AppDelegate.swift */; };
		FC6B0EEA2475329C00ED6ED5 /* SceneDelegate.swift in Sources */ = {isa = PBXBuildFile; fileRef = FC6B0EE92475329C00ED6ED5 /* SceneDelegate.swift */; };
		FC6B0EEC2475329C00ED6ED5 /* ViewController.swift in Sources */ = {isa = PBXBuildFile; fileRef = FC6B0EEB2475329C00ED6ED5 /* ViewController.swift */; };
		FC6B0EEF2475329C00ED6ED5 /* Main.storyboard in Resources */ = {isa = PBXBuildFile; fileRef = FC6B0EED2475329C00ED6ED5 /* Main.storyboard */; };
		FC6B0EF22475329C00ED6ED5 /* CoreDataDemo.xcdatamodeld in Sources */ = {isa = PBXBuildFile; fileRef = FC6B0EF02475329C00ED6ED5 /* CoreDataDemo.xcdatamodeld */; };
		FC6B0EF4247532AB00ED6ED5 /* Assets.xcassets in Resources */ = {isa = PBXBuildFile; fileRef = FC6B0EF3247532AB00ED6ED5 /* Assets.xcassets */; };
		FC6B0EF7247532AB00ED6ED5 /* LaunchScreen.storyboard in Resources */ = {isa = PBXBuildFile; fileRef = FC6B0EF5247532AB00ED6ED5 /* LaunchScreen.storyboard */; };
		FC6B0F02247532AB00ED6ED5 /* CoreDataDemoTests.swift in Sources */ = {isa = PBXBuildFile; fileRef = FC6B0F01247532AB00ED6ED5 /* CoreDataDemoTests.swift */; };
		FC6B0F0E2475B1EE00ED6ED5 /* Student+CoreDataClass.swift in Sources */ = {isa = PBXBuildFile; fileRef = FC6B0F0C2475B1EE00ED6ED5 /* Student+CoreDataClass.swift */; };
		FC6B0F0F2475B1EE00ED6ED5 /* Student+CoreDataProperties.swift in Sources */ = {isa = PBXBuildFile; fileRef = FC6B0F0D2475B1EE00ED6ED5 /* Student+CoreDataProperties.swift */; };
		FC6B0F132475B6DE00ED6ED5 /* CoreData.framework in Frameworks */ = {isa = PBXBuildFile; fileRef = FC6B0F122475B6DE00ED6ED5 /* CoreData.framework */; };
		FC6B0F152475BF8800ED6ED5 /* DatabaseHelper.swift in Sources */ = {isa = PBXBuildFile; fileRef = FC6B0F142475BF8800ED6ED5 /* DatabaseHelper.swift */; };
		FC6B0F172476966A00ED6ED5 /* StudentTableViewCell.swift in Sources */ = {isa = PBXBuildFile; fileRef = FC6B0F162476966A00ED6ED5 /* StudentTableViewCell.swift */; };
		FC6B0F1D247698A100ED6ED5 /* ListViewController.swift in Sources */ = {isa = PBXBuildFile; fileRef = FC6B0F1C247698A100ED6ED5 /* ListViewController.swift */; };
		FC6B0F2124769B1200ED6ED5 /* StudentTableDelegateAndDataSource.swift in Sources */ = {isa = PBXBuildFile; fileRef = FC6B0F2024769B1200ED6ED5 /* StudentTableDelegateAndDataSource.swift */; };
/* End PBXBuildFile section */

/* Begin PBXContainerItemProxy section */
		FC6B0EFE247532AB00ED6ED5 /* PBXContainerItemProxy */ = {
			isa = PBXContainerItemProxy;
			containerPortal = FC6B0EDC2475329C00ED6ED5 /* Project object */;
			proxyType = 1;
			remoteGlobalIDString = FC6B0EE32475329C00ED6ED5;
			remoteInfo = CoreDataDemo;
		};
/* End PBXContainerItemProxy section */

/* Begin PBXFileReference section */
		FC6B0EE42475329C00ED6ED5 /* CoreDataDemo.app */ = {isa = PBXFileReference; explicitFileType = wrapper.application; includeInIndex = 0; path = CoreDataDemo.app; sourceTree = BUILT_PRODUCTS_DIR; };
		FC6B0EE72475329C00ED6ED5 /* AppDelegate.swift */ = {isa = PBXFileReference; lastKnownFileType = sourcecode.swift; path = AppDelegate.swift; sourceTree = "<group>"; };
		FC6B0EE92475329C00ED6ED5 /* SceneDelegate.swift */ = {isa = PBXFileReference; lastKnownFileType = sourcecode.swift; path = SceneDelegate.swift; sourceTree = "<group>"; };
		FC6B0EEB2475329C00ED6ED5 /* ViewController.swift */ = {isa = PBXFileReference; lastKnownFileType = sourcecode.swift; path = ViewController.swift; sourceTree = "<group>"; };
		FC6B0EEE2475329C00ED6ED5 /* Base */ = {isa = PBXFileReference; lastKnownFileType = file.storyboard; name = Base; path = Base.lproj/Main.storyboard; sourceTree = "<group>"; };
		FC6B0EF12475329C00ED6ED5 /* CoreDataDemo.xcdatamodel */ = {isa = PBXFileReference; lastKnownFileType = wrapper.xcdatamodel; path = CoreDataDemo.xcdatamodel; sourceTree = "<group>"; };
		FC6B0EF3247532AB00ED6ED5 /* Assets.xcassets */ = {isa = PBXFileReference; lastKnownFileType = folder.assetcatalog; path = Assets.xcassets; sourceTree = "<group>"; };
		FC6B0EF6247532AB00ED6ED5 /* Base */ = {isa = PBXFileReference; lastKnownFileType = file.storyboard; name = Base; path = Base.lproj/LaunchScreen.storyboard; sourceTree = "<group>"; };
		FC6B0EF8247532AB00ED6ED5 /* Info.plist */ = {isa = PBXFileReference; lastKnownFileType = text.plist.xml; path = Info.plist; sourceTree = "<group>"; };
		FC6B0EFD247532AB00ED6ED5 /* CoreDataDemoTests.xctest */ = {isa = PBXFileReference; explicitFileType = wrapper.cfbundle; includeInIndex = 0; path = CoreDataDemoTests.xctest; sourceTree = BUILT_PRODUCTS_DIR; };
		FC6B0F01247532AB00ED6ED5 /* CoreDataDemoTests.swift */ = {isa = PBXFileReference; lastKnownFileType = sourcecode.swift; path = CoreDataDemoTests.swift; sourceTree = "<group>"; };
		FC6B0F03247532AB00ED6ED5 /* Info.plist */ = {isa = PBXFileReference; lastKnownFileType = text.plist.xml; path = Info.plist; sourceTree = "<group>"; };
		FC6B0F0C2475B1EE00ED6ED5 /* Student+CoreDataClass.swift */ = {isa = PBXFileReference; lastKnownFileType = sourcecode.swift; path = "Student+CoreDataClass.swift"; sourceTree = "<group>"; };
		FC6B0F0D2475B1EE00ED6ED5 /* Student+CoreDataProperties.swift */ = {isa = PBXFileReference; lastKnownFileType = sourcecode.swift; path = "Student+CoreDataProperties.swift"; sourceTree = "<group>"; };
		FC6B0F122475B6DE00ED6ED5 /* CoreData.framework */ = {isa = PBXFileReference; lastKnownFileType = wrapper.framework; name = CoreData.framework; path = System/Library/Frameworks/CoreData.framework; sourceTree = SDKROOT; };
		FC6B0F142475BF8800ED6ED5 /* DatabaseHelper.swift */ = {isa = PBXFileReference; lastKnownFileType = sourcecode.swift; path = DatabaseHelper.swift; sourceTree = "<group>"; };
		FC6B0F162476966A00ED6ED5 /* StudentTableViewCell.swift */ = {isa = PBXFileReference; lastKnownFileType = sourcecode.swift; path = StudentTableViewCell.swift; sourceTree = "<group>"; };
		FC6B0F1C247698A100ED6ED5 /* ListViewController.swift */ = {isa = PBXFileReference; lastKnownFileType = sourcecode.swift; path = ListViewController.swift; sourceTree = "<group>"; };
		FC6B0F2024769B1200ED6ED5 /* StudentTableDelegateAndDataSource.swift */ = {isa = PBXFileReference; lastKnownFileType = sourcecode.swift; path = StudentTableDelegateAndDataSource.swift; sourceTree = "<group>"; };
/* End PBXFileReference section */

/* Begin PBXFrameworksBuildPhase section */
		FC6B0EE12475329C00ED6ED5 /* Frameworks */ = {
			isa = PBXFrameworksBuildPhase;
			buildActionMask = 2147483647;
			files = (
				FC6B0F132475B6DE00ED6ED5 /* CoreData.framework in Frameworks */,
			);
			runOnlyForDeploymentPostprocessing = 0;
		};
		FC6B0EFA247532AB00ED6ED5 /* Frameworks */ = {
			isa = PBXFrameworksBuildPhase;
			buildActionMask = 2147483647;
			files = (
			);
			runOnlyForDeploymentPostprocessing = 0;
		};
/* End PBXFrameworksBuildPhase section */

/* Begin PBXGroup section */
		FC6B0EDB2475329C00ED6ED5 = {
			isa = PBXGroup;
			children = (
				FC6B0EE62475329C00ED6ED5 /* CoreDataDemo */,
				FC6B0F00247532AB00ED6ED5 /* CoreDataDemoTests */,
				FC6B0EE52475329C00ED6ED5 /* Products */,
				FC6B0F112475B6DE00ED6ED5 /* Frameworks */,
			);
			sourceTree = "<group>";
		};
		FC6B0EE52475329C00ED6ED5 /* Products */ = {
			isa = PBXGroup;
			children = (
				FC6B0EE42475329C00ED6ED5 /* CoreDataDemo.app */,
				FC6B0EFD247532AB00ED6ED5 /* CoreDataDemoTests.xctest */,
			);
			name = Products;
			sourceTree = "<group>";
		};
		FC6B0EE62475329C00ED6ED5 /* CoreDataDemo */ = {
			isa = PBXGroup;
			children = (
				FC6B0F1B247697FB00ED6ED5 /* Controller */,
				FC6B0F1A247697B200ED6ED5 /* viewModel */,
				FC6B0F19247697A700ED6ED5 /* View */,
				FC6B0F102475B22E00ED6ED5 /* core data Model */,
				FC6B0EE72475329C00ED6ED5 /* AppDelegate.swift */,
				FC6B0EE92475329C00ED6ED5 /* SceneDelegate.swift */,
				FC6B0EF3247532AB00ED6ED5 /* Assets.xcassets */,
				FC6B0EF8247532AB00ED6ED5 /* Info.plist */,
				FC6B0EF02475329C00ED6ED5 /* CoreDataDemo.xcdatamodeld */,
			);
			path = CoreDataDemo;
			sourceTree = "<group>";
		};
		FC6B0F00247532AB00ED6ED5 /* CoreDataDemoTests */ = {
			isa = PBXGroup;
			children = (
				FC6B0F01247532AB00ED6ED5 /* CoreDataDemoTests.swift */,
				FC6B0F03247532AB00ED6ED5 /* Info.plist */,
			);
			path = CoreDataDemoTests;
			sourceTree = "<group>";
		};
		FC6B0F102475B22E00ED6ED5 /* core data Model */ = {
			isa = PBXGroup;
			children = (
				FC6B0F0C2475B1EE00ED6ED5 /* Student+CoreDataClass.swift */,
				FC6B0F0D2475B1EE00ED6ED5 /* Student+CoreDataProperties.swift */,
			);
			path = "core data Model";
			sourceTree = "<group>";
		};
		FC6B0F112475B6DE00ED6ED5 /* Frameworks */ = {
			isa = PBXGroup;
			children = (
				FC6B0F122475B6DE00ED6ED5 /* CoreData.framework */,
			);
			name = Frameworks;
			sourceTree = "<group>";
		};
		FC6B0F19247697A700ED6ED5 /* View */ = {
			isa = PBXGroup;
			children = (
				FC6B0EED2475329C00ED6ED5 /* Main.storyboard */,
				FC6B0EF5247532AB00ED6ED5 /* LaunchScreen.storyboard */,
			);
			path = View;
			sourceTree = "<group>";
		};
		FC6B0F1A247697B200ED6ED5 /* viewModel */ = {
			isa = PBXGroup;
			children = (
				FC6B0F142475BF8800ED6ED5 /* DatabaseHelper.swift */,
			);
			path = viewModel;
			sourceTree = "<group>";
		};
		FC6B0F1B247697FB00ED6ED5 /* Controller */ = {
			isa = PBXGroup;
			children = (
				FC6B0F1F2476990E00ED6ED5 /* Student Detail */,
				FC6B0F1E247698DF00ED6ED5 /* Student List */,
			);
			path = Controller;
			sourceTree = "<group>";
		};
		FC6B0F1E247698DF00ED6ED5 /* Student List */ = {
			isa = PBXGroup;
			children = (
				FC6B0F1C247698A100ED6ED5 /* ListViewController.swift */,
				FC6B0F162476966A00ED6ED5 /* StudentTableViewCell.swift */,
				FC6B0F2024769B1200ED6ED5 /* StudentTableDelegateAndDataSource.swift */,
			);
			path = "Student List";
			sourceTree = "<group>";
		};
		FC6B0F1F2476990E00ED6ED5 /* Student Detail */ = {
			isa = PBXGroup;
			children = (
				FC6B0EEB2475329C00ED6ED5 /* ViewController.swift */,
			);
			path = "Student Detail";
			sourceTree = "<group>";
		};
/* End PBXGroup section */

/* Begin PBXNativeTarget section */
		FC6B0EE32475329C00ED6ED5 /* CoreDataDemo */ = {
			isa = PBXNativeTarget;
			buildConfigurationList = FC6B0F06247532AB00ED6ED5 /* Build configuration list for PBXNativeTarget "CoreDataDemo" */;
			buildPhases = (
				FC6B0EE02475329C00ED6ED5 /* Sources */,
				FC6B0EE12475329C00ED6ED5 /* Frameworks */,
				FC6B0EE22475329C00ED6ED5 /* Resources */,
			);
			buildRules = (
			);
			dependencies = (
			);
			name = CoreDataDemo;
			productName = CoreDataDemo;
			productReference = FC6B0EE42475329C00ED6ED5 /* CoreDataDemo.app */;
			productType = "com.apple.product-type.application";
		};
		FC6B0EFC247532AB00ED6ED5 /* CoreDataDemoTests */ = {
			isa = PBXNativeTarget;
			buildConfigurationList = FC6B0F09247532AB00ED6ED5 /* Build configuration list for PBXNativeTarget "CoreDataDemoTests" */;
			buildPhases = (
				FC6B0EF9247532AB00ED6ED5 /* Sources */,
				FC6B0EFA247532AB00ED6ED5 /* Frameworks */,
				FC6B0EFB247532AB00ED6ED5 /* Resources */,
			);
			buildRules = (
			);
			dependencies = (
				FC6B0EFF247532AB00ED6ED5 /* PBXTargetDependency */,
			);
			name = CoreDataDemoTests;
			productName = CoreDataDemoTests;
			productReference = FC6B0EFD247532AB00ED6ED5 /* CoreDataDemoTests.xctest */;
			productType = "com.apple.product-type.bundle.unit-test";
		};
/* End PBXNativeTarget section */

/* Begin PBXProject section */
		FC6B0EDC2475329C00ED6ED5 /* Project object */ = {
			isa = PBXProject;
			attributes = {
				LastSwiftUpdateCheck = 1140;
				LastUpgradeCheck = 1140;
				ORGANIZATIONNAME = DSMax;
				TargetAttributes = {
					FC6B0EE32475329C00ED6ED5 = {
						CreatedOnToolsVersion = 11.4.1;
					};
					FC6B0EFC247532AB00ED6ED5 = {
						CreatedOnToolsVersion = 11.4.1;
						TestTargetID = FC6B0EE32475329C00ED6ED5;
					};
				};
			};
			buildConfigurationList = FC6B0EDF2475329C00ED6ED5 /* Build configuration list for PBXProject "CoreDataDemo" */;
			compatibilityVersion = "Xcode 9.3";
			developmentRegion = en;
			hasScannedForEncodings = 0;
			knownRegions = (
				en,
				Base,
			);
			mainGroup = FC6B0EDB2475329C00ED6ED5;
			productRefGroup = FC6B0EE52475329C00ED6ED5 /* Products */;
			projectDirPath = "";
			projectRoot = "";
			targets = (
				FC6B0EE32475329C00ED6ED5 /* CoreDataDemo */,
				FC6B0EFC247532AB00ED6ED5 /* CoreDataDemoTests */,
			);
		};
/* End PBXProject section */

/* Begin PBXResourcesBuildPhase section */
		FC6B0EE22475329C00ED6ED5 /* Resources */ = {
			isa = PBXResourcesBuildPhase;
			buildActionMask = 2147483647;
			files = (
				FC6B0EF7247532AB00ED6ED5 /* LaunchScreen.storyboard in Resources */,
				FC6B0EF4247532AB00ED6ED5 /* Assets.xcassets in Resources */,
				FC6B0EEF2475329C00ED6ED5 /* Main.storyboard in Resources */,
			);
			runOnlyForDeploymentPostprocessing = 0;
		};
		FC6B0EFB247532AB00ED6ED5 /* Resources */ = {
			isa = PBXResourcesBuildPhase;
			buildActionMask = 2147483647;
			files = (
			);
			runOnlyForDeploymentPostprocessing = 0;
		};
/* End PBXResourcesBuildPhase section */

/* Begin PBXSourcesBuildPhase section */
		FC6B0EE02475329C00ED6ED5 /* Sources */ = {
			isa = PBXSourcesBuildPhase;
			buildActionMask = 2147483647;
			files = (
				FC6B0F0F2475B1EE00ED6ED5 /* Student+CoreDataProperties.swift in Sources */,
				FC6B0EEC2475329C00ED6ED5 /* ViewController.swift in Sources */,
				FC6B0EF22475329C00ED6ED5 /* CoreDataDemo.xcdatamodeld in Sources */,
				FC6B0F152475BF8800ED6ED5 /* DatabaseHelper.swift in Sources */,
				FC6B0EE82475329C00ED6ED5 /* AppDelegate.swift in Sources */,
				FC6B0F1D247698A100ED6ED5 /* ListViewController.swift in Sources */,
				FC6B0F2124769B1200ED6ED5 /* StudentTableDelegateAndDataSource.swift in Sources */,
				FC6B0EEA2475329C00ED6ED5 /* SceneDelegate.swift in Sources */,
				FC6B0F0E2475B1EE00ED6ED5 /* Student+CoreDataClass.swift in Sources */,
				FC6B0F172476966A00ED6ED5 /* StudentTableViewCell.swift in Sources */,
			);
			runOnlyForDeploymentPostprocessing = 0;
		};
		FC6B0EF9247532AB00ED6ED5 /* Sources */ = {
			isa = PBXSourcesBuildPhase;
			buildActionMask = 2147483647;
			files = (
				FC6B0F02247532AB00ED6ED5 /* CoreDataDemoTests.swift in Sources */,
			);
			runOnlyForDeploymentPostprocessing = 0;
		};
/* End PBXSourcesBuildPhase section */

/* Begin PBXTargetDependency section */
		FC6B0EFF247532AB00ED6ED5 /* PBXTargetDependency */ = {
			isa = PBXTargetDependency;
			target = FC6B0EE32475329C00ED6ED5 /* CoreDataDemo */;
			targetProxy = FC6B0EFE247532AB00ED6ED5 /* PBXContainerItemProxy */;
		};
/* End PBXTargetDependency section */

/* Begin PBXVariantGroup section */
		FC6B0EED2475329C00ED6ED5 /* Main.storyboard */ = {
			isa = PBXVariantGroup;
			children = (
				FC6B0EEE2475329C00ED6ED5 /* Base */,
			);
			name = Main.storyboard;
			sourceTree = "<group>";
		};
		FC6B0EF5247532AB00ED6ED5 /* LaunchScreen.storyboard */ = {
			isa = PBXVariantGroup;
			children = (
				FC6B0EF6247532AB00ED6ED5 /* Base */,
			);
			name = LaunchScreen.storyboard;
			sourceTree = "<group>";
		};
/* End PBXVariantGroup section */

/* Begin XCBuildConfiguration section */
		FC6B0F04247532AB00ED6ED5 /* Debug */ = {
			isa = XCBuildConfiguration;
			buildSettings = {
				ALWAYS_SEARCH_USER_PATHS = NO;
				CLANG_ANALYZER_NONNULL = YES;
				CLANG_ANALYZER_NUMBER_OBJECT_CONVERSION = YES_AGGRESSIVE;
				CLANG_CXX_LANGUAGE_STANDARD = "gnu++14";
				CLANG_CXX_LIBRARY = "libc++";
				CLANG_ENABLE_MODULES = YES;
				CLANG_ENABLE_OBJC_ARC = YES;
				CLANG_ENABLE_OBJC_WEAK = YES;
				CLANG_WARN_BLOCK_CAPTURE_AUTORELEASING = YES;
				CLANG_WARN_BOOL_CONVERSION = YES;
				CLANG_WARN_COMMA = YES;
				CLANG_WARN_CONSTANT_CONVERSION = YES;
				CLANG_WARN_DEPRECATED_OBJC_IMPLEMENTATIONS = YES;
				CLANG_WARN_DIRECT_OBJC_ISA_USAGE = YES_ERROR;
				CLANG_WARN_DOCUMENTATION_COMMENTS = YES;
				CLANG_WARN_EMPTY_BODY = YES;
				CLANG_WARN_ENUM_CONVERSION = YES;
				CLANG_WARN_INFINITE_RECURSION = YES;
				CLANG_WARN_INT_CONVERSION = YES;
				CLANG_WARN_NON_LITERAL_NULL_CONVERSION = YES;
				CLANG_WARN_OBJC_IMPLICIT_RETAIN_SELF = YES;
				CLANG_WARN_OBJC_LITERAL_CONVERSION = YES;
				CLANG_WARN_OBJC_ROOT_CLASS = YES_ERROR;
				CLANG_WARN_RANGE_LOOP_ANALYSIS = YES;
				CLANG_WARN_STRICT_PROTOTYPES = YES;
				CLANG_WARN_SUSPICIOUS_MOVE = YES;
				CLANG_WARN_UNGUARDED_AVAILABILITY = YES_AGGRESSIVE;
				CLANG_WARN_UNREACHABLE_CODE = YES;
				CLANG_WARN__DUPLICATE_METHOD_MATCH = YES;
				COPY_PHASE_STRIP = NO;
				DEBUG_INFORMATION_FORMAT = dwarf;
				ENABLE_STRICT_OBJC_MSGSEND = YES;
				ENABLE_TESTABILITY = YES;
				GCC_C_LANGUAGE_STANDARD = gnu11;
				GCC_DYNAMIC_NO_PIC = NO;
				GCC_NO_COMMON_BLOCKS = YES;
				GCC_OPTIMIZATION_LEVEL = 0;
				GCC_PREPROCESSOR_DEFINITIONS = (
					"DEBUG=1",
					"$(inherited)",
				);
				GCC_WARN_64_TO_32_BIT_CONVERSION = YES;
				GCC_WARN_ABOUT_RETURN_TYPE = YES_ERROR;
				GCC_WARN_UNDECLARED_SELECTOR = YES;
				GCC_WARN_UNINITIALIZED_AUTOS = YES_AGGRESSIVE;
				GCC_WARN_UNUSED_FUNCTION = YES;
				GCC_WARN_UNUSED_VARIABLE = YES;
				IPHONEOS_DEPLOYMENT_TARGET = 13.4;
				MTL_ENABLE_DEBUG_INFO = INCLUDE_SOURCE;
				MTL_FAST_MATH = YES;
				ONLY_ACTIVE_ARCH = YES;
				SDKROOT = iphoneos;
				SWIFT_ACTIVE_COMPILATION_CONDITIONS = DEBUG;
				SWIFT_OPTIMIZATION_LEVEL = "-Onone";
			};
			name = Debug;
		};
		FC6B0F05247532AB00ED6ED5 /* Release */ = {
			isa = XCBuildConfiguration;
			buildSettings = {
				ALWAYS_SEARCH_USER_PATHS = NO;
				CLANG_ANALYZER_NONNULL = YES;
				CLANG_ANALYZER_NUMBER_OBJECT_CONVERSION = YES_AGGRESSIVE;
				CLANG_CXX_LANGUAGE_STANDARD = "gnu++14";
				CLANG_CXX_LIBRARY = "libc++";
				CLANG_ENABLE_MODULES = YES;
				CLANG_ENABLE_OBJC_ARC = YES;
				CLANG_ENABLE_OBJC_WEAK = YES;
				CLANG_WARN_BLOCK_CAPTURE_AUTORELEASING = YES;
				CLANG_WARN_BOOL_CONVERSION = YES;
				CLANG_WARN_COMMA = YES;
				CLANG_WARN_CONSTANT_CONVERSION = YES;
				CLANG_WARN_DEPRECATED_OBJC_IMPLEMENTATIONS = YES;
				CLANG_WARN_DIRECT_OBJC_ISA_USAGE = YES_ERROR;
				CLANG_WARN_DOCUMENTATION_COMMENTS = YES;
				CLANG_WARN_EMPTY_BODY = YES;
				CLANG_WARN_ENUM_CONVERSION = YES;
				CLANG_WARN_INFINITE_RECURSION = YES;
				CLANG_WARN_INT_CONVERSION = YES;
				CLANG_WARN_NON_LITERAL_NULL_CONVERSION = YES;
				CLANG_WARN_OBJC_IMPLICIT_RETAIN_SELF = YES;
				CLANG_WARN_OBJC_LITERAL_CONVERSION = YES;
				CLANG_WARN_OBJC_ROOT_CLASS = YES_ERROR;
				CLANG_WARN_RANGE_LOOP_ANALYSIS = YES;
				CLANG_WARN_STRICT_PROTOTYPES = YES;
				CLANG_WARN_SUSPICIOUS_MOVE = YES;
				CLANG_WARN_UNGUARDED_AVAILABILITY = YES_AGGRESSIVE;
				CLANG_WARN_UNREACHABLE_CODE = YES;
				CLANG_WARN__DUPLICATE_METHOD_MATCH = YES;
				COPY_PHASE_STRIP = NO;
				DEBUG_INFORMATION_FORMAT = "dwarf-with-dsym";
				ENABLE_NS_ASSERTIONS = NO;
				ENABLE_STRICT_OBJC_MSGSEND = YES;
				GCC_C_LANGUAGE_STANDARD = gnu11;
				GCC_NO_COMMON_BLOCKS = YES;
				GCC_WARN_64_TO_32_BIT_CONVERSION = YES;
				GCC_WARN_ABOUT_RETURN_TYPE = YES_ERROR;
				GCC_WARN_UNDECLARED_SELECTOR = YES;
				GCC_WARN_UNINITIALIZED_AUTOS = YES_AGGRESSIVE;
				GCC_WARN_UNUSED_FUNCTION = YES;
				GCC_WARN_UNUSED_VARIABLE = YES;
				IPHONEOS_DEPLOYMENT_TARGET = 13.4;
				MTL_ENABLE_DEBUG_INFO = NO;
				MTL_FAST_MATH = YES;
				SDKROOT = iphoneos;
				SWIFT_COMPILATION_MODE = wholemodule;
				SWIFT_OPTIMIZATION_LEVEL = "-O";
				VALIDATE_PRODUCT = YES;
			};
			name = Release;
		};
		FC6B0F07247532AB00ED6ED5 /* Debug */ = {
			isa = XCBuildConfiguration;
			buildSettings = {
				ASSETCATALOG_COMPILER_APPICON_NAME = AppIcon;
				CODE_SIGN_STYLE = Automatic;
				INFOPLIST_FILE = CoreDataDemo/Info.plist;
				LD_RUNPATH_SEARCH_PATHS = (
					"$(inherited)",
					"@executable_path/Frameworks",
				);
				PRODUCT_BUNDLE_IDENTIFIER = com.alok.ranjan.CoreDataDemo;
				PRODUCT_NAME = "$(TARGET_NAME)";
				SWIFT_VERSION = 5.0;
				TARGETED_DEVICE_FAMILY = "1,2";
			};
			name = Debug;
		};
		FC6B0F08247532AB00ED6ED5 /* Release */ = {
			isa = XCBuildConfiguration;
			buildSettings = {
				ASSETCATALOG_COMPILER_APPICON_NAME = AppIcon;
				CODE_SIGN_STYLE = Automatic;
				INFOPLIST_FILE = CoreDataDemo/Info.plist;
				LD_RUNPATH_SEARCH_PATHS = (
					"$(inherited)",
					"@executable_path/Frameworks",
				);
				PRODUCT_BUNDLE_IDENTIFIER = com.alok.ranjan.CoreDataDemo;
				PRODUCT_NAME = "$(TARGET_NAME)";
				SWIFT_VERSION = 5.0;
				TARGETED_DEVICE_FAMILY = "1,2";
			};
			name = Release;
		};
		FC6B0F0A247532AB00ED6ED5 /* Debug */ = {
			isa = XCBuildConfiguration;
			buildSettings = {
				ALWAYS_EMBED_SWIFT_STANDARD_LIBRARIES = YES;
				BUNDLE_LOADER = "$(TEST_HOST)";
				CODE_SIGN_STYLE = Automatic;
				INFOPLIST_FILE = CoreDataDemoTests/Info.plist;
				IPHONEOS_DEPLOYMENT_TARGET = 13.4;
				LD_RUNPATH_SEARCH_PATHS = (
					"$(inherited)",
					"@executable_path/Frameworks",
					"@loader_path/Frameworks",
				);
				PRODUCT_BUNDLE_IDENTIFIER = com.alok.ranjan.CoreDataDemoTests;
				PRODUCT_NAME = "$(TARGET_NAME)";
				SWIFT_VERSION = 5.0;
				TARGETED_DEVICE_FAMILY = "1,2";
				TEST_HOST = "$(BUILT_PRODUCTS_DIR)/CoreDataDemo.app/CoreDataDemo";
			};
			name = Debug;
		};
		FC6B0F0B247532AB00ED6ED5 /* Release */ = {
			isa = XCBuildConfiguration;
			buildSettings = {
				ALWAYS_EMBED_SWIFT_STANDARD_LIBRARIES = YES;
				BUNDLE_LOADER = "$(TEST_HOST)";
				CODE_SIGN_STYLE = Automatic;
				INFOPLIST_FILE = CoreDataDemoTests/Info.plist;
				IPHONEOS_DEPLOYMENT_TARGET = 13.4;
				LD_RUNPATH_SEARCH_PATHS = (
					"$(inherited)",
					"@executable_path/Frameworks",
					"@loader_path/Frameworks",
				);
				PRODUCT_BUNDLE_IDENTIFIER = com.alok.ranjan.CoreDataDemoTests;
				PRODUCT_NAME = "$(TARGET_NAME)";
				SWIFT_VERSION = 5.0;
				TARGETED_DEVICE_FAMILY = "1,2";
				TEST_HOST = "$(BUILT_PRODUCTS_DIR)/CoreDataDemo.app/CoreDataDemo";
			};
			name = Release;
		};
/* End XCBuildConfiguration section */

/* Begin XCConfigurationList section */
		FC6B0EDF2475329C00ED6ED5 /* Build configuration list for PBXProject "CoreDataDemo" */ = {
			isa = XCConfigurationList;
			buildConfigurations = (
				FC6B0F04247532AB00ED6ED5 /* Debug */,
				FC6B0F05247532AB00ED6ED5 /* Release */,
			);
			defaultConfigurationIsVisible = 0;
			defaultConfigurationName = Release;
		};
		FC6B0F06247532AB00ED6ED5 /* Build configuration list for PBXNativeTarget "CoreDataDemo" */ = {
			isa = XCConfigurationList;
			buildConfigurations = (
				FC6B0F07247532AB00ED6ED5 /* Debug */,
				FC6B0F08247532AB00ED6ED5 /* Release */,
			);
			defaultConfigurationIsVisible = 0;
			defaultConfigurationName = Release;
		};
		FC6B0F09247532AB00ED6ED5 /* Build configuration list for PBXNativeTarget "CoreDataDemoTests" */ = {
			isa = XCConfigurationList;
			buildConfigurations = (
				FC6B0F0A247532AB00ED6ED5 /* Debug */,
				FC6B0F0B247532AB00ED6ED5 /* Release */,
			);
			defaultConfigurationIsVisible = 0;
			defaultConfigurationName = Release;
		};
/* End XCConfigurationList section */

/* Begin XCVersionGroup section */
		FC6B0EF02475329C00ED6ED5 /* CoreDataDemo.xcdatamodeld */ = {
			isa = XCVersionGroup;
			children = (
				FC6B0EF12475329C00ED6ED5 /* CoreDataDemo.xcdatamodel */,
			);
			currentVersion = FC6B0EF12475329C00ED6ED5 /* CoreDataDemo.xcdatamodel */;
			path = CoreDataDemo.xcdatamodeld;
			sourceTree = "<group>";
			versionGroupType = wrapper.xcdatamodel;
		};
/* End XCVersionGroup section */
	};
	rootObject = FC6B0EDC2475329C00ED6ED5 /* Project object */;
}
